
Microsoft Visual Studio Solution File, Format Version 12.00
# Visual Studio Version 17
VisualStudioVersion = 17.3.32929.385
MinimumVisualStudioVersion = 10.0.40219.1
Project("{FAE04EC0-301F-11D3-BF4B-00C04F79EFBC}") = "DataBase", "DataBase\DataBase.csproj", "{9C085A4F-C802-461F-9B80-5577D95AD6C7}"
EndProject
Global
	GlobalSection(SolutionConfigurationPlatforms) = preSolution
		Debug|Any CPU = Debug|Any CPU
		Release|Any CPU = Release|Any CPU
	EndGlobalSection
	GlobalSection(ProjectConfigurationPlatforms) = postSolution
		{9C085A4F-C802-461F-9B80-5577D95AD6C7}.Debug|Any CPU.ActiveCfg = Debug|Any CPU
		{9C085A4F-C802-461F-9B80-5577D95AD6C7}.Debug|Any CPU.Build.0 = Debug|Any CPU
		{9C085A4F-C802-461F-9B80-5577D95AD6C7}.Release|Any CPU.ActiveCfg = Release|Any CPU
		{9C085A4F-C802-461F-9B80-5577D95AD6C7}.Release|Any CPU.Build.0 = Release|Any CPU
	EndGlobalSection
	GlobalSection(SolutionProperties) = preSolution
		HideSolutionNode = FALSE
	EndGlobalSection
	GlobalSection(ExtensibilityGlobals) = postSolution
		SolutionGuid = {750B32C2-631C-4243-B378-FB61F64F1A7F}
	EndGlobalSection
EndGlobal
